
Microsoft Visual Studio Solution File, Format Version 12.00
# Visual Studio Version 16
VisualStudioVersion = 16.0.31424.327
MinimumVisualStudioVersion = 10.0.40219.1
Project("{2150E333-8FDC-42A3-9474-1A3956D46DE8}") = "Contracts", "Contracts", "{FFE10FB9-67D2-46F8-84ED-9D57256960BD}"
EndProject
Project("{2150E333-8FDC-42A3-9474-1A3956D46DE8}") = "Implementations", "Implementations", "{AC6122B2-D32C-476A-9F74-25EF4B176DD0}"
EndProject
Project("{2150E333-8FDC-42A3-9474-1A3956D46DE8}") = "Infrastructure", "Infrastructure", "{3F2F1658-D918-4187-AA2D-B8C424D4BBB9}"
EndProject
Project("{2150E333-8FDC-42A3-9474-1A3956D46DE8}") = "Testing", "Testing", "{705BFD7E-AF73-401B-892E-E540EDB176B3}"
EndProject
Project("{2150E333-8FDC-42A3-9474-1A3956D46DE8}") = "WebApi", "WebApi", "{BE239678-674D-4691-AC9E-7A73F93FBD81}"
EndProject
Project("{2150E333-8FDC-42A3-9474-1A3956D46DE8}") = "Contracts", "Contracts", "{3041EE03-C8C5-44FA-98F1-B8708CE7B041}"
EndProject
Project("{2150E333-8FDC-42A3-9474-1A3956D46DE8}") = "Implementations", "Implementations", "{9BD59346-B92A-4F0C-B301-6817C857BCC5}"
EndProject
Project("{9A19103F-16F7-4668-BE54-9A1E7A4F7556}") = "DynamicLoaderContracts", "DynamicLoaderContracts\DynamicLoaderContracts.csproj", "{657F8E46-38FC-4AF6-9C0F-FF2679A3F6F8}"
EndProject
Project("{9A19103F-16F7-4668-BE54-9A1E7A4F7556}") = "DynamicLoaderService", "DynamicLoaderService\DynamicLoaderService.csproj", "{D9BBB1C9-402C-47C7-AA26-58A0EFE77480}"
EndProject
Project("{9A19103F-16F7-4668-BE54-9A1E7A4F7556}") = "DBRepositoryManagerContracts", "DBRepositoryManagerContracts\DBRepositoryManagerContracts.csproj", "{0DCA5E2F-D3D9-4C4B-BA2A-957C63D4B694}"
EndProject
Project("{9A19103F-16F7-4668-BE54-9A1E7A4F7556}") = "DBRepositoryManagerService", "DBRepositoryManagerService\DBRepositoryManagerService.csproj", "{89BA9BAE-0F37-4A51-B6BF-61B5C7D717B6}"
EndProject
Project("{2150E333-8FDC-42A3-9474-1A3956D46DE8}") = "BLL", "BLL", "{89F474FB-01ED-420A-8184-506CAB788F89}"
EndProject
Project("{2150E333-8FDC-42A3-9474-1A3956D46DE8}") = "DAL", "DAL", "{562217C3-ED7D-4C85-A75A-4F4DF761BD9B}"
EndProject
Project("{2150E333-8FDC-42A3-9474-1A3956D46DE8}") = "DTO", "DTO", "{C51779C7-91FB-4F41-B092-1CEF2B4FEA86}"
EndProject
Project("{9A19103F-16F7-4668-BE54-9A1E7A4F7556}") = "RssLoaderContracts", "RssLoaderContracts\RssLoaderContracts.csproj", "{3840C3CF-8A9B-4D40-8B72-07406EC28FB8}"
EndProject
Project("{9A19103F-16F7-4668-BE54-9A1E7A4F7556}") = "RssLoaderService", "RssLoaderService\RssLoaderService.csproj", "{502D8A0F-466B-4C6F-B510-FF6559B4564C}"
EndProject
Project("{9A19103F-16F7-4668-BE54-9A1E7A4F7556}") = "RssLoaderTests", "RssLoaderTests\RssLoaderTests.csproj", "{3ECCD215-2E0B-40DF-95BE-BCA4ED2ADC3B}"
EndProject
Project("{9A19103F-16F7-4668-BE54-9A1E7A4F7556}") = "RssFeedParserContracts", "RssFeedParserContracts\RssFeedParserContracts.csproj", "{DB9463DB-D21D-4FE7-AD90-84A239F674E3}"
EndProject
Project("{9A19103F-16F7-4668-BE54-9A1E7A4F7556}") = "DBRepositoryDTO", "DBRepositoryDTO\DBRepositoryDTO.csproj", "{596F1E67-0AC2-4F2B-B92D-D51023AAA05B}"
EndProject
Project("{2150E333-8FDC-42A3-9474-1A3956D46DE8}") = "BLL", "BLL", "{91CB3D10-38DF-4556-A967-91A9CCB39669}"
EndProject
Project("{2150E333-8FDC-42A3-9474-1A3956D46DE8}") = "DAL", "DAL", "{89A53CE4-93E2-4DB9-A2EB-9F0D16B2928C}"
EndProject
Project("{9A19103F-16F7-4668-BE54-9A1E7A4F7556}") = "RssFeedParserDTO", "RssFeedParserDTO\RssFeedParserDTO.csproj", "{6B61EE40-C10E-4FE1-8D93-000FF1719270}"
EndProject
Project("{9A19103F-16F7-4668-BE54-9A1E7A4F7556}") = "RssFeedParserService", "RssFeedParserService\RssFeedParserService.csproj", "{590FFC57-6055-4E48-896B-BDFCB77BD4F2}"
EndProject
Project("{FAE04EC0-301F-11D3-BF4B-00C04F79EFBC}") = "RssParserService", "RssParserService\RssParserService.csproj", "{B9A207DD-8388-4A1A-A3E3-54175D3096B2}"
EndProject
Project("{FAE04EC0-301F-11D3-BF4B-00C04F79EFBC}") = "DBRepositoryManagerServiceTest", "DBRepositoryManagerServiceTest\DBRepositoryManagerServiceTest.csproj", "{DCE50AFC-F359-4641-B1C5-E7E2591BC67B}"
EndProject
Project("{FAE04EC0-301F-11D3-BF4B-00C04F79EFBC}") = "ShufersalRss_WebApi", "ShufersalRss_WebApi\ShufersalRss_WebApi.csproj", "{33FFA22F-FCEA-4DED-ABDE-63E67933CD3A}"
EndProject
Global
	GlobalSection(SolutionConfigurationPlatforms) = preSolution
		Debug|Any CPU = Debug|Any CPU
		Release|Any CPU = Release|Any CPU
	EndGlobalSection
	GlobalSection(ProjectConfigurationPlatforms) = postSolution
		{657F8E46-38FC-4AF6-9C0F-FF2679A3F6F8}.Debug|Any CPU.ActiveCfg = Debug|Any CPU
		{657F8E46-38FC-4AF6-9C0F-FF2679A3F6F8}.Debug|Any CPU.Build.0 = Debug|Any CPU
		{657F8E46-38FC-4AF6-9C0F-FF2679A3F6F8}.Release|Any CPU.ActiveCfg = Release|Any CPU
		{657F8E46-38FC-4AF6-9C0F-FF2679A3F6F8}.Release|Any CPU.Build.0 = Release|Any CPU
		{D9BBB1C9-402C-47C7-AA26-58A0EFE77480}.Debug|Any CPU.ActiveCfg = Debug|Any CPU
		{D9BBB1C9-402C-47C7-AA26-58A0EFE77480}.Debug|Any CPU.Build.0 = Debug|Any CPU
		{D9BBB1C9-402C-47C7-AA26-58A0EFE77480}.Release|Any CPU.ActiveCfg = Release|Any CPU
		{D9BBB1C9-402C-47C7-AA26-58A0EFE77480}.Release|Any CPU.Build.0 = Release|Any CPU
		{0DCA5E2F-D3D9-4C4B-BA2A-957C63D4B694}.Debug|Any CPU.ActiveCfg = Debug|Any CPU
		{0DCA5E2F-D3D9-4C4B-BA2A-957C63D4B694}.Debug|Any CPU.Build.0 = Debug|Any CPU
		{0DCA5E2F-D3D9-4C4B-BA2A-957C63D4B694}.Release|Any CPU.ActiveCfg = Release|Any CPU
		{0DCA5E2F-D3D9-4C4B-BA2A-957C63D4B694}.Release|Any CPU.Build.0 = Release|Any CPU
		{89BA9BAE-0F37-4A51-B6BF-61B5C7D717B6}.Debug|Any CPU.ActiveCfg = Debug|Any CPU
		{89BA9BAE-0F37-4A51-B6BF-61B5C7D717B6}.Debug|Any CPU.Build.0 = Debug|Any CPU
		{89BA9BAE-0F37-4A51-B6BF-61B5C7D717B6}.Release|Any CPU.ActiveCfg = Release|Any CPU
		{89BA9BAE-0F37-4A51-B6BF-61B5C7D717B6}.Release|Any CPU.Build.0 = Release|Any CPU
		{3840C3CF-8A9B-4D40-8B72-07406EC28FB8}.Debug|Any CPU.ActiveCfg = Debug|Any CPU
		{3840C3CF-8A9B-4D40-8B72-07406EC28FB8}.Debug|Any CPU.Build.0 = Debug|Any CPU
		{3840C3CF-8A9B-4D40-8B72-07406EC28FB8}.Release|Any CPU.ActiveCfg = Release|Any CPU
		{3840C3CF-8A9B-4D40-8B72-07406EC28FB8}.Release|Any CPU.Build.0 = Release|Any CPU
		{502D8A0F-466B-4C6F-B510-FF6559B4564C}.Debug|Any CPU.ActiveCfg = Debug|Any CPU
		{502D8A0F-466B-4C6F-B510-FF6559B4564C}.Debug|Any CPU.Build.0 = Debug|Any CPU
		{502D8A0F-466B-4C6F-B510-FF6559B4564C}.Release|Any CPU.ActiveCfg = Release|Any CPU
		{502D8A0F-466B-4C6F-B510-FF6559B4564C}.Release|Any CPU.Build.0 = Release|Any CPU
		{3ECCD215-2E0B-40DF-95BE-BCA4ED2ADC3B}.Debug|Any CPU.ActiveCfg = Debug|Any CPU
		{3ECCD215-2E0B-40DF-95BE-BCA4ED2ADC3B}.Debug|Any CPU.Build.0 = Debug|Any CPU
		{3ECCD215-2E0B-40DF-95BE-BCA4ED2ADC3B}.Release|Any CPU.ActiveCfg = Release|Any CPU
		{3ECCD215-2E0B-40DF-95BE-BCA4ED2ADC3B}.Release|Any CPU.Build.0 = Release|Any CPU
		{DB9463DB-D21D-4FE7-AD90-84A239F674E3}.Debug|Any CPU.ActiveCfg = Debug|Any CPU
		{DB9463DB-D21D-4FE7-AD90-84A239F674E3}.Debug|Any CPU.Build.0 = Debug|Any CPU
		{DB9463DB-D21D-4FE7-AD90-84A239F674E3}.Release|Any CPU.ActiveCfg = Release|Any CPU
		{DB9463DB-D21D-4FE7-AD90-84A239F674E3}.Release|Any CPU.Build.0 = Release|Any CPU
		{596F1E67-0AC2-4F2B-B92D-D51023AAA05B}.Debug|Any CPU.ActiveCfg = Debug|Any CPU
		{596F1E67-0AC2-4F2B-B92D-D51023AAA05B}.Debug|Any CPU.Build.0 = Debug|Any CPU
		{596F1E67-0AC2-4F2B-B92D-D51023AAA05B}.Release|Any CPU.ActiveCfg = Release|Any CPU
		{596F1E67-0AC2-4F2B-B92D-D51023AAA05B}.Release|Any CPU.Build.0 = Release|Any CPU
		{6B61EE40-C10E-4FE1-8D93-000FF1719270}.Debug|Any CPU.ActiveCfg = Debug|Any CPU
		{6B61EE40-C10E-4FE1-8D93-000FF1719270}.Debug|Any CPU.Build.0 = Debug|Any CPU
		{6B61EE40-C10E-4FE1-8D93-000FF1719270}.Release|Any CPU.ActiveCfg = Release|Any CPU
		{6B61EE40-C10E-4FE1-8D93-000FF1719270}.Release|Any CPU.Build.0 = Release|Any CPU
		{590FFC57-6055-4E48-896B-BDFCB77BD4F2}.Debug|Any CPU.ActiveCfg = Debug|Any CPU
		{590FFC57-6055-4E48-896B-BDFCB77BD4F2}.Debug|Any CPU.Build.0 = Debug|Any CPU
		{590FFC57-6055-4E48-896B-BDFCB77BD4F2}.Release|Any CPU.ActiveCfg = Release|Any CPU
		{590FFC57-6055-4E48-896B-BDFCB77BD4F2}.Release|Any CPU.Build.0 = Release|Any CPU
		{B9A207DD-8388-4A1A-A3E3-54175D3096B2}.Debug|Any CPU.ActiveCfg = Debug|Any CPU
		{B9A207DD-8388-4A1A-A3E3-54175D3096B2}.Debug|Any CPU.Build.0 = Debug|Any CPU
		{B9A207DD-8388-4A1A-A3E3-54175D3096B2}.Release|Any CPU.ActiveCfg = Release|Any CPU
		{B9A207DD-8388-4A1A-A3E3-54175D3096B2}.Release|Any CPU.Build.0 = Release|Any CPU
		{DCE50AFC-F359-4641-B1C5-E7E2591BC67B}.Debug|Any CPU.ActiveCfg = Debug|Any CPU
		{DCE50AFC-F359-4641-B1C5-E7E2591BC67B}.Debug|Any CPU.Build.0 = Debug|Any CPU
		{DCE50AFC-F359-4641-B1C5-E7E2591BC67B}.Release|Any CPU.ActiveCfg = Release|Any CPU
		{DCE50AFC-F359-4641-B1C5-E7E2591BC67B}.Release|Any CPU.Build.0 = Release|Any CPU
		{33FFA22F-FCEA-4DED-ABDE-63E67933CD3A}.Debug|Any CPU.ActiveCfg = Debug|Any CPU
		{33FFA22F-FCEA-4DED-ABDE-63E67933CD3A}.Debug|Any CPU.Build.0 = Debug|Any CPU
		{33FFA22F-FCEA-4DED-ABDE-63E67933CD3A}.Release|Any CPU.ActiveCfg = Release|Any CPU
		{33FFA22F-FCEA-4DED-ABDE-63E67933CD3A}.Release|Any CPU.Build.0 = Release|Any CPU
	EndGlobalSection
	GlobalSection(SolutionProperties) = preSolution
		HideSolutionNode = FALSE
	EndGlobalSection
	GlobalSection(NestedProjects) = preSolution
		{3041EE03-C8C5-44FA-98F1-B8708CE7B041} = {3F2F1658-D918-4187-AA2D-B8C424D4BBB9}
		{9BD59346-B92A-4F0C-B301-6817C857BCC5} = {3F2F1658-D918-4187-AA2D-B8C424D4BBB9}
		{657F8E46-38FC-4AF6-9C0F-FF2679A3F6F8} = {3041EE03-C8C5-44FA-98F1-B8708CE7B041}
		{D9BBB1C9-402C-47C7-AA26-58A0EFE77480} = {9BD59346-B92A-4F0C-B301-6817C857BCC5}
		{0DCA5E2F-D3D9-4C4B-BA2A-957C63D4B694} = {89F474FB-01ED-420A-8184-506CAB788F89}
		{89BA9BAE-0F37-4A51-B6BF-61B5C7D717B6} = {91CB3D10-38DF-4556-A967-91A9CCB39669}
		{89F474FB-01ED-420A-8184-506CAB788F89} = {FFE10FB9-67D2-46F8-84ED-9D57256960BD}
		{562217C3-ED7D-4C85-A75A-4F4DF761BD9B} = {FFE10FB9-67D2-46F8-84ED-9D57256960BD}
		{C51779C7-91FB-4F41-B092-1CEF2B4FEA86} = {FFE10FB9-67D2-46F8-84ED-9D57256960BD}
		{3840C3CF-8A9B-4D40-8B72-07406EC28FB8} = {3041EE03-C8C5-44FA-98F1-B8708CE7B041}
		{502D8A0F-466B-4C6F-B510-FF6559B4564C} = {9BD59346-B92A-4F0C-B301-6817C857BCC5}
		{3ECCD215-2E0B-40DF-95BE-BCA4ED2ADC3B} = {705BFD7E-AF73-401B-892E-E540EDB176B3}
		{DB9463DB-D21D-4FE7-AD90-84A239F674E3} = {89F474FB-01ED-420A-8184-506CAB788F89}
		{596F1E67-0AC2-4F2B-B92D-D51023AAA05B} = {C51779C7-91FB-4F41-B092-1CEF2B4FEA86}
		{91CB3D10-38DF-4556-A967-91A9CCB39669} = {AC6122B2-D32C-476A-9F74-25EF4B176DD0}
		{89A53CE4-93E2-4DB9-A2EB-9F0D16B2928C} = {AC6122B2-D32C-476A-9F74-25EF4B176DD0}
		{6B61EE40-C10E-4FE1-8D93-000FF1719270} = {C51779C7-91FB-4F41-B092-1CEF2B4FEA86}
		{590FFC57-6055-4E48-896B-BDFCB77BD4F2} = {91CB3D10-38DF-4556-A967-91A9CCB39669}
		{B9A207DD-8388-4A1A-A3E3-54175D3096B2} = {705BFD7E-AF73-401B-892E-E540EDB176B3}
		{DCE50AFC-F359-4641-B1C5-E7E2591BC67B} = {705BFD7E-AF73-401B-892E-E540EDB176B3}
		{33FFA22F-FCEA-4DED-ABDE-63E67933CD3A} = {BE239678-674D-4691-AC9E-7A73F93FBD81}
	EndGlobalSection
	GlobalSection(ExtensibilityGlobals) = postSolution
		SolutionGuid = {E61E9972-041B-4B85-A0AA-5D71DB7506B3}
	EndGlobalSection
EndGlobal
